
Microsoft Visual Studio Solution File, Format Version 12.00
# Visual Studio 15
VisualStudioVersion = 15.0.28307.329
MinimumVisualStudioVersion = 10.0.40219.1
Project("{9A19103F-16F7-4668-BE54-9A1E7A4F7556}") = "WebApp", "src\WebApp\WebApp.csproj", "{01549AAD-2FF4-4B8B-9B63-7E00C2948E96}"
EndProject
Project("{FAE04EC0-301F-11D3-BF4B-00C04F79EFBC}") = "WebApp.IntegrationTests", "test\WebApp.IntegrationTests\WebApp.IntegrationTests.csproj", "{3E5835B9-BD2B-4AE7-83A2-596C0B82D24F}"
EndProject
Project("{2150E333-8FDC-42A3-9474-1A3956D46DE8}") = "Solution Items", "Solution Items", "{EE00220F-2BEC-463B-9DEE-60F0979034B8}"
	ProjectSection(SolutionItems) = preProject
		README.md = README.md
	EndProjectSection
EndProject
Global
	GlobalSection(SolutionConfigurationPlatforms) = preSolution
		Debug|Any CPU = Debug|Any CPU
		Release|Any CPU = Release|Any CPU
	EndGlobalSection
	GlobalSection(ProjectConfigurationPlatforms) = postSolution
		{01549AAD-2FF4-4B8B-9B63-7E00C2948E96}.Debug|Any CPU.ActiveCfg = Debug|Any CPU
		{01549AAD-2FF4-4B8B-9B63-7E00C2948E96}.Debug|Any CPU.Build.0 = Debug|Any CPU
		{01549AAD-2FF4-4B8B-9B63-7E00C2948E96}.Release|Any CPU.ActiveCfg = Release|Any CPU
		{01549AAD-2FF4-4B8B-9B63-7E00C2948E96}.Release|Any CPU.Build.0 = Release|Any CPU
		{3E5835B9-BD2B-4AE7-83A2-596C0B82D24F}.Debug|Any CPU.ActiveCfg = Debug|Any CPU
		{3E5835B9-BD2B-4AE7-83A2-596C0B82D24F}.Debug|Any CPU.Build.0 = Debug|Any CPU
		{3E5835B9-BD2B-4AE7-83A2-596C0B82D24F}.Release|Any CPU.ActiveCfg = Release|Any CPU
		{3E5835B9-BD2B-4AE7-83A2-596C0B82D24F}.Release|Any CPU.Build.0 = Release|Any CPU
	EndGlobalSection
	GlobalSection(SolutionProperties) = preSolution
		HideSolutionNode = FALSE
	EndGlobalSection
	GlobalSection(ExtensibilityGlobals) = postSolution
		SolutionGuid = {5C68371A-C217-4AD9-9917-59F28071123C}
	EndGlobalSection
EndGlobal
